// !$*UTF8*$!
{
	archiveVersion = 1;
	classes = {
	};
	objectVersion = 48;
	objects = {

/* Begin PBXBuildFile section */
		49073CBD2082D09900B81044 /* PhotoDetailViewController.swift in Sources */ = {isa = PBXBuildFile; fileRef = 49073CBC2082D09900B81044 /* PhotoDetailViewController.swift */; };
		49073CBF2083C43300B81044 /* CustomPhotoSegue.swift in Sources */ = {isa = PBXBuildFile; fileRef = 49073CBE2083C43300B81044 /* CustomPhotoSegue.swift */; };
		490C7CEE2083D51900AADB4C /* UnwindCustomPhotoSegue.swift in Sources */ = {isa = PBXBuildFile; fileRef = 490C7CED2083D51900AADB4C /* UnwindCustomPhotoSegue.swift */; };
		490C7CF02083DE4F00AADB4C /* HelperUtils.swift in Sources */ = {isa = PBXBuildFile; fileRef = 490C7CEF2083DE4F00AADB4C /* HelperUtils.swift */; };
		490C7CF22083E3B700AADB4C /* readme.txt in Resources */ = {isa = PBXBuildFile; fileRef = 490C7CF12083E3B700AADB4C /* readme.txt */; };
		49E16C1F20796FE100E76C41 /* AppDelegate.swift in Sources */ = {isa = PBXBuildFile; fileRef = 49E16C1E20796FE100E76C41 /* AppDelegate.swift */; };
		49E16C2420796FE100E76C41 /* Main.storyboard in Resources */ = {isa = PBXBuildFile; fileRef = 49E16C2220796FE100E76C41 /* Main.storyboard */; };
		49E16C2620796FE100E76C41 /* Assets.xcassets in Resources */ = {isa = PBXBuildFile; fileRef = 49E16C2520796FE100E76C41 /* Assets.xcassets */; };
		49E16C2920796FE100E76C41 /* LaunchScreen.storyboard in Resources */ = {isa = PBXBuildFile; fileRef = 49E16C2720796FE100E76C41 /* LaunchScreen.storyboard */; };
		49E16C3420796FE200E76C41 /* PhotoViewerTests.swift in Sources */ = {isa = PBXBuildFile; fileRef = 49E16C3320796FE200E76C41 /* PhotoViewerTests.swift */; };
		49E16C3F20796FE200E76C41 /* PhotoViewerUITests.swift in Sources */ = {isa = PBXBuildFile; fileRef = 49E16C3E20796FE200E76C41 /* PhotoViewerUITests.swift */; };
		49E16C552079898B00E76C41 /* PhotoCollectionViewController.swift in Sources */ = {isa = PBXBuildFile; fileRef = 49E16C542079898B00E76C41 /* PhotoCollectionViewController.swift */; };
		49E16C5720798A4600E76C41 /* Constants.swift in Sources */ = {isa = PBXBuildFile; fileRef = 49E16C5620798A4600E76C41 /* Constants.swift */; };
		49E16C5920798AAD00E76C41 /* UpsplashFeedController.swift in Sources */ = {isa = PBXBuildFile; fileRef = 49E16C5820798AAD00E76C41 /* UpsplashFeedController.swift */; };
		49E16C5B20798B1200E76C41 /* Photo.swift in Sources */ = {isa = PBXBuildFile; fileRef = 49E16C5A20798B1200E76C41 /* Photo.swift */; };
		49E16C5D2079904C00E76C41 /* GridPhotoCollectionViewCell.swift in Sources */ = {isa = PBXBuildFile; fileRef = 49E16C5C2079904C00E76C41 /* GridPhotoCollectionViewCell.swift */; };
		5D50D6428E36CA668F7104C6 /* Pods_PhotoViewer.framework in Frameworks */ = {isa = PBXBuildFile; fileRef = 875AE61F65674D2B85F72DF1 /* Pods_PhotoViewer.framework */; };
/* End PBXBuildFile section */

/* Begin PBXContainerItemProxy section */
		49E16C3020796FE200E76C41 /* PBXContainerItemProxy */ = {
			isa = PBXContainerItemProxy;
			containerPortal = 49E16C1320796FE100E76C41 /* Project object */;
			proxyType = 1;
			remoteGlobalIDString = 49E16C1A20796FE100E76C41;
			remoteInfo = PhotoViewer;
		};
		49E16C3B20796FE200E76C41 /* PBXContainerItemProxy */ = {
			isa = PBXContainerItemProxy;
			containerPortal = 49E16C1320796FE100E76C41 /* Project object */;
			proxyType = 1;
			remoteGlobalIDString = 49E16C1A20796FE100E76C41;
			remoteInfo = PhotoViewer;
		};
/* End PBXContainerItemProxy section */

/* Begin PBXFileReference section */
		49073CBC2082D09900B81044 /* PhotoDetailViewController.swift */ = {isa = PBXFileReference; lastKnownFileType = sourcecode.swift; path = PhotoDetailViewController.swift; sourceTree = "<group>"; };
		49073CBE2083C43300B81044 /* CustomPhotoSegue.swift */ = {isa = PBXFileReference; lastKnownFileType = sourcecode.swift; path = CustomPhotoSegue.swift; sourceTree = "<group>"; };
		490C7CED2083D51900AADB4C /* UnwindCustomPhotoSegue.swift */ = {isa = PBXFileReference; lastKnownFileType = sourcecode.swift; path = UnwindCustomPhotoSegue.swift; sourceTree = "<group>"; };
		490C7CEF2083DE4F00AADB4C /* HelperUtils.swift */ = {isa = PBXFileReference; lastKnownFileType = sourcecode.swift; path = HelperUtils.swift; sourceTree = "<group>"; };
		490C7CF12083E3B700AADB4C /* readme.txt */ = {isa = PBXFileReference; lastKnownFileType = text; path = readme.txt; sourceTree = "<group>"; };
		49E16C1B20796FE100E76C41 /* PhotoViewer.app */ = {isa = PBXFileReference; explicitFileType = wrapper.application; includeInIndex = 0; path = PhotoViewer.app; sourceTree = BUILT_PRODUCTS_DIR; };
		49E16C1E20796FE100E76C41 /* AppDelegate.swift */ = {isa = PBXFileReference; lastKnownFileType = sourcecode.swift; path = AppDelegate.swift; sourceTree = "<group>"; };
		49E16C2320796FE100E76C41 /* Base */ = {isa = PBXFileReference; lastKnownFileType = file.storyboard; name = Base; path = Base.lproj/Main.storyboard; sourceTree = "<group>"; };
		49E16C2520796FE100E76C41 /* Assets.xcassets */ = {isa = PBXFileReference; lastKnownFileType = folder.assetcatalog; path = Assets.xcassets; sourceTree = "<group>"; };
		49E16C2820796FE100E76C41 /* Base */ = {isa = PBXFileReference; lastKnownFileType = file.storyboard; name = Base; path = Base.lproj/LaunchScreen.storyboard; sourceTree = "<group>"; };
		49E16C2A20796FE100E76C41 /* Info.plist */ = {isa = PBXFileReference; lastKnownFileType = text.plist.xml; path = Info.plist; sourceTree = "<group>"; };
		49E16C2F20796FE200E76C41 /* PhotoViewerTests.xctest */ = {isa = PBXFileReference; explicitFileType = wrapper.cfbundle; includeInIndex = 0; path = PhotoViewerTests.xctest; sourceTree = BUILT_PRODUCTS_DIR; };
		49E16C3320796FE200E76C41 /* PhotoViewerTests.swift */ = {isa = PBXFileReference; lastKnownFileType = sourcecode.swift; path = PhotoViewerTests.swift; sourceTree = "<group>"; };
		49E16C3520796FE200E76C41 /* Info.plist */ = {isa = PBXFileReference; lastKnownFileType = text.plist.xml; path = Info.plist; sourceTree = "<group>"; };
		49E16C3A20796FE200E76C41 /* PhotoViewerUITests.xctest */ = {isa = PBXFileReference; explicitFileType = wrapper.cfbundle; includeInIndex = 0; path = PhotoViewerUITests.xctest; sourceTree = BUILT_PRODUCTS_DIR; };
		49E16C3E20796FE200E76C41 /* PhotoViewerUITests.swift */ = {isa = PBXFileReference; lastKnownFileType = sourcecode.swift; path = PhotoViewerUITests.swift; sourceTree = "<group>"; };
		49E16C4020796FE200E76C41 /* Info.plist */ = {isa = PBXFileReference; lastKnownFileType = text.plist.xml; path = Info.plist; sourceTree = "<group>"; };
		49E16C542079898B00E76C41 /* PhotoCollectionViewController.swift */ = {isa = PBXFileReference; lastKnownFileType = sourcecode.swift; path = PhotoCollectionViewController.swift; sourceTree = "<group>"; };
		49E16C5620798A4600E76C41 /* Constants.swift */ = {isa = PBXFileReference; lastKnownFileType = sourcecode.swift; path = Constants.swift; sourceTree = "<group>"; };
		49E16C5820798AAD00E76C41 /* UpsplashFeedController.swift */ = {isa = PBXFileReference; lastKnownFileType = sourcecode.swift; path = UpsplashFeedController.swift; sourceTree = "<group>"; };
		49E16C5A20798B1200E76C41 /* Photo.swift */ = {isa = PBXFileReference; lastKnownFileType = sourcecode.swift; path = Photo.swift; sourceTree = "<group>"; };
		49E16C5C2079904C00E76C41 /* GridPhotoCollectionViewCell.swift */ = {isa = PBXFileReference; lastKnownFileType = sourcecode.swift; path = GridPhotoCollectionViewCell.swift; sourceTree = "<group>"; };
		875AE61F65674D2B85F72DF1 /* Pods_PhotoViewer.framework */ = {isa = PBXFileReference; explicitFileType = wrapper.framework; includeInIndex = 0; path = Pods_PhotoViewer.framework; sourceTree = BUILT_PRODUCTS_DIR; };
		A226C03DE86BB82DE5904054 /* Pods-PhotoViewer.debug.xcconfig */ = {isa = PBXFileReference; includeInIndex = 1; lastKnownFileType = text.xcconfig; name = "Pods-PhotoViewer.debug.xcconfig"; path = "Pods/Target Support Files/Pods-PhotoViewer/Pods-PhotoViewer.debug.xcconfig"; sourceTree = "<group>"; };
		A898AC2C08A6EE450A6C68B2 /* Pods-PhotoViewer.release.xcconfig */ = {isa = PBXFileReference; includeInIndex = 1; lastKnownFileType = text.xcconfig; name = "Pods-PhotoViewer.release.xcconfig"; path = "Pods/Target Support Files/Pods-PhotoViewer/Pods-PhotoViewer.release.xcconfig"; sourceTree = "<group>"; };
/* End PBXFileReference section */

/* Begin PBXFrameworksBuildPhase section */
		49E16C1820796FE100E76C41 /* Frameworks */ = {
			isa = PBXFrameworksBuildPhase;
			buildActionMask = 2147483647;
			files = (
				5D50D6428E36CA668F7104C6 /* Pods_PhotoViewer.framework in Frameworks */,
			);
			runOnlyForDeploymentPostprocessing = 0;
		};
		49E16C2C20796FE200E76C41 /* Frameworks */ = {
			isa = PBXFrameworksBuildPhase;
			buildActionMask = 2147483647;
			files = (
			);
			runOnlyForDeploymentPostprocessing = 0;
		};
		49E16C3720796FE200E76C41 /* Frameworks */ = {
			isa = PBXFrameworksBuildPhase;
			buildActionMask = 2147483647;
			files = (
			);
			runOnlyForDeploymentPostprocessing = 0;
		};
/* End PBXFrameworksBuildPhase section */

/* Begin PBXGroup section */
		49E16C1220796FE100E76C41 = {
			isa = PBXGroup;
			children = (
				49E16C1D20796FE100E76C41 /* PhotoViewer */,
				49E16C3220796FE200E76C41 /* PhotoViewerTests */,
				49E16C3D20796FE200E76C41 /* PhotoViewerUITests */,
				49E16C1C20796FE100E76C41 /* Products */,
				BE62F4CD51D97038D6A70E1A /* Pods */,
				67599334C3A2670EA5FFA41E /* Frameworks */,
			);
			sourceTree = "<group>";
		};
		49E16C1C20796FE100E76C41 /* Products */ = {
			isa = PBXGroup;
			children = (
				49E16C1B20796FE100E76C41 /* PhotoViewer.app */,
				49E16C2F20796FE200E76C41 /* PhotoViewerTests.xctest */,
				49E16C3A20796FE200E76C41 /* PhotoViewerUITests.xctest */,
			);
			name = Products;
			sourceTree = "<group>";
		};
		49E16C1D20796FE100E76C41 /* PhotoViewer */ = {
			isa = PBXGroup;
			children = (
				49E16C1E20796FE100E76C41 /* AppDelegate.swift */,
				49E16C4C2079762700E76C41 /* Controller */,
				49E16C4D2079764400E76C41 /* View */,
				49E16C4E2079765900E76C41 /* Model */,
				49E16C4F2079766500E76C41 /* Communication */,
				49E16C502079767500E76C41 /* Utilities */,
				49E16C512079767F00E76C41 /* Other */,
			);
			path = PhotoViewer;
			sourceTree = "<group>";
		};
		49E16C3220796FE200E76C41 /* PhotoViewerTests */ = {
			isa = PBXGroup;
			children = (
				49E16C3320796FE200E76C41 /* PhotoViewerTests.swift */,
				49E16C3520796FE200E76C41 /* Info.plist */,
			);
			path = PhotoViewerTests;
			sourceTree = "<group>";
		};
		49E16C3D20796FE200E76C41 /* PhotoViewerUITests */ = {
			isa = PBXGroup;
			children = (
				49E16C3E20796FE200E76C41 /* PhotoViewerUITests.swift */,
				49E16C4020796FE200E76C41 /* Info.plist */,
			);
			path = PhotoViewerUITests;
			sourceTree = "<group>";
		};
		49E16C4C2079762700E76C41 /* Controller */ = {
			isa = PBXGroup;
			children = (
				49E16C542079898B00E76C41 /* PhotoCollectionViewController.swift */,
				49073CBC2082D09900B81044 /* PhotoDetailViewController.swift */,
				49073CBE2083C43300B81044 /* CustomPhotoSegue.swift */,
				490C7CED2083D51900AADB4C /* UnwindCustomPhotoSegue.swift */,
			);
			path = Controller;
			sourceTree = "<group>";
		};
		49E16C4D2079764400E76C41 /* View */ = {
			isa = PBXGroup;
			children = (
				49E16C2220796FE100E76C41 /* Main.storyboard */,
				49E16C5C2079904C00E76C41 /* GridPhotoCollectionViewCell.swift */,
			);
			path = View;
			sourceTree = "<group>";
		};
		49E16C4E2079765900E76C41 /* Model */ = {
			isa = PBXGroup;
			children = (
				49E16C5A20798B1200E76C41 /* Photo.swift */,
			);
			path = Model;
			sourceTree = "<group>";
		};
		49E16C4F2079766500E76C41 /* Communication */ = {
			isa = PBXGroup;
			children = (
				49E16C5620798A4600E76C41 /* Constants.swift */,
				49E16C5820798AAD00E76C41 /* UpsplashFeedController.swift */,
			);
			path = Communication;
			sourceTree = "<group>";
		};
		49E16C502079767500E76C41 /* Utilities */ = {
			isa = PBXGroup;
			children = (
				490C7CEF2083DE4F00AADB4C /* HelperUtils.swift */,
			);
			path = Utilities;
			sourceTree = "<group>";
		};
		49E16C512079767F00E76C41 /* Other */ = {
			isa = PBXGroup;
			children = (
				49E16C2A20796FE100E76C41 /* Info.plist */,
				49E16C2520796FE100E76C41 /* Assets.xcassets */,
				49E16C2720796FE100E76C41 /* LaunchScreen.storyboard */,
				490C7CF12083E3B700AADB4C /* readme.txt */,
			);
			path = Other;
			sourceTree = "<group>";
		};
		67599334C3A2670EA5FFA41E /* Frameworks */ = {
			isa = PBXGroup;
			children = (
				875AE61F65674D2B85F72DF1 /* Pods_PhotoViewer.framework */,
			);
			name = Frameworks;
			sourceTree = "<group>";
		};
		BE62F4CD51D97038D6A70E1A /* Pods */ = {
			isa = PBXGroup;
			children = (
				A226C03DE86BB82DE5904054 /* Pods-PhotoViewer.debug.xcconfig */,
				A898AC2C08A6EE450A6C68B2 /* Pods-PhotoViewer.release.xcconfig */,
			);
			name = Pods;
			sourceTree = "<group>";
		};
/* End PBXGroup section */

/* Begin PBXNativeTarget section */
		49E16C1A20796FE100E76C41 /* PhotoViewer */ = {
			isa = PBXNativeTarget;
			buildConfigurationList = 49E16C4320796FE200E76C41 /* Build configuration list for PBXNativeTarget "PhotoViewer" */;
			buildPhases = (
				BC8F10736FAB8C84D33C425E /* [CP] Check Pods Manifest.lock */,
				49E16C1720796FE100E76C41 /* Sources */,
				49E16C1820796FE100E76C41 /* Frameworks */,
				49E16C1920796FE100E76C41 /* Resources */,
				647722EA332746E1B2E38B21 /* [CP] Embed Pods Frameworks */,
			);
			buildRules = (
			);
			dependencies = (
			);
			name = PhotoViewer;
			productName = PhotoViewer;
			productReference = 49E16C1B20796FE100E76C41 /* PhotoViewer.app */;
			productType = "com.apple.product-type.application";
		};
		49E16C2E20796FE200E76C41 /* PhotoViewerTests */ = {
			isa = PBXNativeTarget;
			buildConfigurationList = 49E16C4620796FE200E76C41 /* Build configuration list for PBXNativeTarget "PhotoViewerTests" */;
			buildPhases = (
				49E16C2B20796FE200E76C41 /* Sources */,
				49E16C2C20796FE200E76C41 /* Frameworks */,
				49E16C2D20796FE200E76C41 /* Resources */,
			);
			buildRules = (
			);
			dependencies = (
				49E16C3120796FE200E76C41 /* PBXTargetDependency */,
			);
			name = PhotoViewerTests;
			productName = PhotoViewerTests;
			productReference = 49E16C2F20796FE200E76C41 /* PhotoViewerTests.xctest */;
			productType = "com.apple.product-type.bundle.unit-test";
		};
		49E16C3920796FE200E76C41 /* PhotoViewerUITests */ = {
			isa = PBXNativeTarget;
			buildConfigurationList = 49E16C4920796FE200E76C41 /* Build configuration list for PBXNativeTarget "PhotoViewerUITests" */;
			buildPhases = (
				49E16C3620796FE200E76C41 /* Sources */,
				49E16C3720796FE200E76C41 /* Frameworks */,
				49E16C3820796FE200E76C41 /* Resources */,
			);
			buildRules = (
			);
			dependencies = (
				49E16C3C20796FE200E76C41 /* PBXTargetDependency */,
			);
			name = PhotoViewerUITests;
			productName = PhotoViewerUITests;
			productReference = 49E16C3A20796FE200E76C41 /* PhotoViewerUITests.xctest */;
			productType = "com.apple.product-type.bundle.ui-testing";
		};
/* End PBXNativeTarget section */

/* Begin PBXProject section */
		49E16C1320796FE100E76C41 /* Project object */ = {
			isa = PBXProject;
			attributes = {
				LastSwiftUpdateCheck = 0920;
				LastUpgradeCheck = 0920;
				ORGANIZATIONNAME = "Illya Gordiyenko";
				TargetAttributes = {
					49E16C1A20796FE100E76C41 = {
						CreatedOnToolsVersion = 9.2;
						ProvisioningStyle = Automatic;
					};
					49E16C2E20796FE200E76C41 = {
						CreatedOnToolsVersion = 9.2;
						ProvisioningStyle = Automatic;
						TestTargetID = 49E16C1A20796FE100E76C41;
					};
					49E16C3920796FE200E76C41 = {
						CreatedOnToolsVersion = 9.2;
						ProvisioningStyle = Automatic;
						TestTargetID = 49E16C1A20796FE100E76C41;
					};
				};
			};
			buildConfigurationList = 49E16C1620796FE100E76C41 /* Build configuration list for PBXProject "PhotoViewer" */;
			compatibilityVersion = "Xcode 8.0";
			developmentRegion = en;
			hasScannedForEncodings = 0;
			knownRegions = (
				en,
				Base,
			);
			mainGroup = 49E16C1220796FE100E76C41;
			productRefGroup = 49E16C1C20796FE100E76C41 /* Products */;
			projectDirPath = "";
			projectRoot = "";
			targets = (
				49E16C1A20796FE100E76C41 /* PhotoViewer */,
				49E16C2E20796FE200E76C41 /* PhotoViewerTests */,
				49E16C3920796FE200E76C41 /* PhotoViewerUITests */,
			);
		};
/* End PBXProject section */

/* Begin PBXResourcesBuildPhase section */
		49E16C1920796FE100E76C41 /* Resources */ = {
			isa = PBXResourcesBuildPhase;
			buildActionMask = 2147483647;
			files = (
				49E16C2920796FE100E76C41 /* LaunchScreen.storyboard in Resources */,
				49E16C2620796FE100E76C41 /* Assets.xcassets in Resources */,
				490C7CF22083E3B700AADB4C /* readme.txt in Resources */,
				49E16C2420796FE100E76C41 /* Main.storyboard in Resources */,
			);
			runOnlyForDeploymentPostprocessing = 0;
		};
		49E16C2D20796FE200E76C41 /* Resources */ = {
			isa = PBXResourcesBuildPhase;
			buildActionMask = 2147483647;
			files = (
			);
			runOnlyForDeploymentPostprocessing = 0;
		};
		49E16C3820796FE200E76C41 /* Resources */ = {
			isa = PBXResourcesBuildPhase;
			buildActionMask = 2147483647;
			files = (
			);
			runOnlyForDeploymentPostprocessing = 0;
		};
/* End PBXResourcesBuildPhase section */

/* Begin PBXShellScriptBuildPhase section */
		647722EA332746E1B2E38B21 /* [CP] Embed Pods Frameworks */ = {
			isa = PBXShellScriptBuildPhase;
			buildActionMask = 2147483647;
			files = (
			);
			inputPaths = (
				"${SRCROOT}/Pods/Target Support Files/Pods-PhotoViewer/Pods-PhotoViewer-frameworks.sh",
				"${BUILT_PRODUCTS_DIR}/Alamofire/Alamofire.framework",
				"${BUILT_PRODUCTS_DIR}/AlamofireImage/AlamofireImage.framework",
				"${BUILT_PRODUCTS_DIR}/AlamofireObjectMapper/AlamofireObjectMapper.framework",
				"${BUILT_PRODUCTS_DIR}/DZNEmptyDataSet/DZNEmptyDataSet.framework",
				"${BUILT_PRODUCTS_DIR}/IQKeyboardManagerSwift/IQKeyboardManagerSwift.framework",
				"${BUILT_PRODUCTS_DIR}/ObjectMapper/ObjectMapper.framework",
				"${BUILT_PRODUCTS_DIR}/SVProgressHUD/SVProgressHUD.framework",
			);
			name = "[CP] Embed Pods Frameworks";
			outputPaths = (
				"${TARGET_BUILD_DIR}/${FRAMEWORKS_FOLDER_PATH}/Alamofire.framework",
				"${TARGET_BUILD_DIR}/${FRAMEWORKS_FOLDER_PATH}/AlamofireImage.framework",
				"${TARGET_BUILD_DIR}/${FRAMEWORKS_FOLDER_PATH}/AlamofireObjectMapper.framework",
				"${TARGET_BUILD_DIR}/${FRAMEWORKS_FOLDER_PATH}/DZNEmptyDataSet.framework",
				"${TARGET_BUILD_DIR}/${FRAMEWORKS_FOLDER_PATH}/IQKeyboardManagerSwift.framework",
				"${TARGET_BUILD_DIR}/${FRAMEWORKS_FOLDER_PATH}/ObjectMapper.framework",
				"${TARGET_BUILD_DIR}/${FRAMEWORKS_FOLDER_PATH}/SVProgressHUD.framework",
			);
			runOnlyForDeploymentPostprocessing = 0;
			shellPath = /bin/sh;
			shellScript = "\"${SRCROOT}/Pods/Target Support Files/Pods-PhotoViewer/Pods-PhotoViewer-frameworks.sh\"\n";
			showEnvVarsInLog = 0;
		};
		BC8F10736FAB8C84D33C425E /* [CP] Check Pods Manifest.lock */ = {
			isa = PBXShellScriptBuildPhase;
			buildActionMask = 2147483647;
			files = (
			);
			inputPaths = (
				"${PODS_PODFILE_DIR_PATH}/Podfile.lock",
				"${PODS_ROOT}/Manifest.lock",
			);
			name = "[CP] Check Pods Manifest.lock";
			outputPaths = (
				"$(DERIVED_FILE_DIR)/Pods-PhotoViewer-checkManifestLockResult.txt",
			);
			runOnlyForDeploymentPostprocessing = 0;
			shellPath = /bin/sh;
			shellScript = "diff \"${PODS_PODFILE_DIR_PATH}/Podfile.lock\" \"${PODS_ROOT}/Manifest.lock\" > /dev/null\nif [ $? != 0 ] ; then\n    # print error to STDERR\n    echo \"error: The sandbox is not in sync with the Podfile.lock. Run 'pod install' or update your CocoaPods installation.\" >&2\n    exit 1\nfi\n# This output is used by Xcode 'outputs' to avoid re-running this script phase.\necho \"SUCCESS\" > \"${SCRIPT_OUTPUT_FILE_0}\"\n";
			showEnvVarsInLog = 0;
		};
/* End PBXShellScriptBuildPhase section */

/* Begin PBXSourcesBuildPhase section */
		49E16C1720796FE100E76C41 /* Sources */ = {
			isa = PBXSourcesBuildPhase;
			buildActionMask = 2147483647;
			files = (
				490C7CEE2083D51900AADB4C /* UnwindCustomPhotoSegue.swift in Sources */,
				49E16C552079898B00E76C41 /* PhotoCollectionViewController.swift in Sources */,
				49E16C1F20796FE100E76C41 /* AppDelegate.swift in Sources */,
				49E16C5720798A4600E76C41 /* Constants.swift in Sources */,
				49073CBD2082D09900B81044 /* PhotoDetailViewController.swift in Sources */,
				49E16C5920798AAD00E76C41 /* UpsplashFeedController.swift in Sources */,
				49E16C5B20798B1200E76C41 /* Photo.swift in Sources */,
				490C7CF02083DE4F00AADB4C /* HelperUtils.swift in Sources */,
				49E16C5D2079904C00E76C41 /* GridPhotoCollectionViewCell.swift in Sources */,
				49073CBF2083C43300B81044 /* CustomPhotoSegue.swift in Sources */,
			);
			runOnlyForDeploymentPostprocessing = 0;
		};
		49E16C2B20796FE200E76C41 /* Sources */ = {
			isa = PBXSourcesBuildPhase;
			buildActionMask = 2147483647;
			files = (
				49E16C3420796FE200E76C41 /* PhotoViewerTests.swift in Sources */,
			);
			runOnlyForDeploymentPostprocessing = 0;
		};
		49E16C3620796FE200E76C41 /* Sources */ = {
			isa = PBXSourcesBuildPhase;
			buildActionMask = 2147483647;
			files = (
				49E16C3F20796FE200E76C41 /* PhotoViewerUITests.swift in Sources */,
			);
			runOnlyForDeploymentPostprocessing = 0;
		};
/* End PBXSourcesBuildPhase section */

/* Begin PBXTargetDependency section */
		49E16C3120796FE200E76C41 /* PBXTargetDependency */ = {
			isa = PBXTargetDependency;
			target = 49E16C1A20796FE100E76C41 /* PhotoViewer */;
			targetProxy = 49E16C3020796FE200E76C41 /* PBXContainerItemProxy */;
		};
		49E16C3C20796FE200E76C41 /* PBXTargetDependency */ = {
			isa = PBXTargetDependency;
			target = 49E16C1A20796FE100E76C41 /* PhotoViewer */;
			targetProxy = 49E16C3B20796FE200E76C41 /* PBXContainerItemProxy */;
		};
/* End PBXTargetDependency section */

/* Begin PBXVariantGroup section */
		49E16C2220796FE100E76C41 /* Main.storyboard */ = {
			isa = PBXVariantGroup;
			children = (
				49E16C2320796FE100E76C41 /* Base */,
			);
			name = Main.storyboard;
			sourceTree = "<group>";
		};
		49E16C2720796FE100E76C41 /* LaunchScreen.storyboard */ = {
			isa = PBXVariantGroup;
			children = (
				49E16C2820796FE100E76C41 /* Base */,
			);
			name = LaunchScreen.storyboard;
			sourceTree = "<group>";
		};
/* End PBXVariantGroup section */

/* Begin XCBuildConfiguration section */
		49E16C4120796FE200E76C41 /* Debug */ = {
			isa = XCBuildConfiguration;
			buildSettings = {
				ALWAYS_SEARCH_USER_PATHS = NO;
				CLANG_ANALYZER_NONNULL = YES;
				CLANG_ANALYZER_NUMBER_OBJECT_CONVERSION = YES_AGGRESSIVE;
				CLANG_CXX_LANGUAGE_STANDARD = "gnu++14";
				CLANG_CXX_LIBRARY = "libc++";
				CLANG_ENABLE_MODULES = YES;
				CLANG_ENABLE_OBJC_ARC = YES;
				CLANG_WARN_BLOCK_CAPTURE_AUTORELEASING = YES;
				CLANG_WARN_BOOL_CONVERSION = YES;
				CLANG_WARN_COMMA = YES;
				CLANG_WARN_CONSTANT_CONVERSION = YES;
				CLANG_WARN_DIRECT_OBJC_ISA_USAGE = YES_ERROR;
				CLANG_WARN_DOCUMENTATION_COMMENTS = YES;
				CLANG_WARN_EMPTY_BODY = YES;
				CLANG_WARN_ENUM_CONVERSION = YES;
				CLANG_WARN_INFINITE_RECURSION = YES;
				CLANG_WARN_INT_CONVERSION = YES;
				CLANG_WARN_NON_LITERAL_NULL_CONVERSION = YES;
				CLANG_WARN_OBJC_LITERAL_CONVERSION = YES;
				CLANG_WARN_OBJC_ROOT_CLASS = YES_ERROR;
				CLANG_WARN_RANGE_LOOP_ANALYSIS = YES;
				CLANG_WARN_STRICT_PROTOTYPES = YES;
				CLANG_WARN_SUSPICIOUS_MOVE = YES;
				CLANG_WARN_UNGUARDED_AVAILABILITY = YES_AGGRESSIVE;
				CLANG_WARN_UNREACHABLE_CODE = YES;
				CLANG_WARN__DUPLICATE_METHOD_MATCH = YES;
				CODE_SIGN_IDENTITY = "iPhone Developer";
				COPY_PHASE_STRIP = NO;
				DEBUG_INFORMATION_FORMAT = dwarf;
				ENABLE_STRICT_OBJC_MSGSEND = YES;
				ENABLE_TESTABILITY = YES;
				GCC_C_LANGUAGE_STANDARD = gnu11;
				GCC_DYNAMIC_NO_PIC = NO;
				GCC_NO_COMMON_BLOCKS = YES;
				GCC_OPTIMIZATION_LEVEL = 0;
				GCC_PREPROCESSOR_DEFINITIONS = (
					"DEBUG=1",
					"$(inherited)",
				);
				GCC_WARN_64_TO_32_BIT_CONVERSION = YES;
				GCC_WARN_ABOUT_RETURN_TYPE = YES_ERROR;
				GCC_WARN_UNDECLARED_SELECTOR = YES;
				GCC_WARN_UNINITIALIZED_AUTOS = YES_AGGRESSIVE;
				GCC_WARN_UNUSED_FUNCTION = YES;
				GCC_WARN_UNUSED_VARIABLE = YES;
				IPHONEOS_DEPLOYMENT_TARGET = 11.2;
				MTL_ENABLE_DEBUG_INFO = YES;
				ONLY_ACTIVE_ARCH = YES;
				SDKROOT = iphoneos;
				SWIFT_ACTIVE_COMPILATION_CONDITIONS = DEBUG;
				SWIFT_OPTIMIZATION_LEVEL = "-Onone";
			};
			name = Debug;
		};
		49E16C4220796FE200E76C41 /* Release */ = {
			isa = XCBuildConfiguration;
			buildSettings = {
				ALWAYS_SEARCH_USER_PATHS = NO;
				CLANG_ANALYZER_NONNULL = YES;
				CLANG_ANALYZER_NUMBER_OBJECT_CONVERSION = YES_AGGRESSIVE;
				CLANG_CXX_LANGUAGE_STANDARD = "gnu++14";
				CLANG_CXX_LIBRARY = "libc++";
				CLANG_ENABLE_MODULES = YES;
				CLANG_ENABLE_OBJC_ARC = YES;
				CLANG_WARN_BLOCK_CAPTURE_AUTORELEASING = YES;
				CLANG_WARN_BOOL_CONVERSION = YES;
				CLANG_WARN_COMMA = YES;
				CLANG_WARN_CONSTANT_CONVERSION = YES;
				CLANG_WARN_DIRECT_OBJC_ISA_USAGE = YES_ERROR;
				CLANG_WARN_DOCUMENTATION_COMMENTS = YES;
				CLANG_WARN_EMPTY_BODY = YES;
				CLANG_WARN_ENUM_CONVERSION = YES;
				CLANG_WARN_INFINITE_RECURSION = YES;
				CLANG_WARN_INT_CONVERSION = YES;
				CLANG_WARN_NON_LITERAL_NULL_CONVERSION = YES;
				CLANG_WARN_OBJC_LITERAL_CONVERSION = YES;
				CLANG_WARN_OBJC_ROOT_CLASS = YES_ERROR;
				CLANG_WARN_RANGE_LOOP_ANALYSIS = YES;
				CLANG_WARN_STRICT_PROTOTYPES = YES;
				CLANG_WARN_SUSPICIOUS_MOVE = YES;
				CLANG_WARN_UNGUARDED_AVAILABILITY = YES_AGGRESSIVE;
				CLANG_WARN_UNREACHABLE_CODE = YES;
				CLANG_WARN__DUPLICATE_METHOD_MATCH = YES;
				CODE_SIGN_IDENTITY = "iPhone Developer";
				COPY_PHASE_STRIP = NO;
				DEBUG_INFORMATION_FORMAT = "dwarf-with-dsym";
				ENABLE_NS_ASSERTIONS = NO;
				ENABLE_STRICT_OBJC_MSGSEND = YES;
				GCC_C_LANGUAGE_STANDARD = gnu11;
				GCC_NO_COMMON_BLOCKS = YES;
				GCC_WARN_64_TO_32_BIT_CONVERSION = YES;
				GCC_WARN_ABOUT_RETURN_TYPE = YES_ERROR;
				GCC_WARN_UNDECLARED_SELECTOR = YES;
				GCC_WARN_UNINITIALIZED_AUTOS = YES_AGGRESSIVE;
				GCC_WARN_UNUSED_FUNCTION = YES;
				GCC_WARN_UNUSED_VARIABLE = YES;
				IPHONEOS_DEPLOYMENT_TARGET = 11.2;
				MTL_ENABLE_DEBUG_INFO = NO;
				SDKROOT = iphoneos;
				SWIFT_OPTIMIZATION_LEVEL = "-Owholemodule";
				VALIDATE_PRODUCT = YES;
			};
			name = Release;
		};
		49E16C4420796FE200E76C41 /* Debug */ = {
			isa = XCBuildConfiguration;
			baseConfigurationReference = A226C03DE86BB82DE5904054 /* Pods-PhotoViewer.debug.xcconfig */;
			buildSettings = {
				ASSETCATALOG_COMPILER_APPICON_NAME = AppIcon;
				CODE_SIGN_STYLE = Automatic;
				DEVELOPMENT_TEAM = 39A39NNR25;
				INFOPLIST_FILE = PhotoViewer/Other/Info.plist;
				LD_RUNPATH_SEARCH_PATHS = "$(inherited) @executable_path/Frameworks";
				PRODUCT_BUNDLE_IDENTIFIER = com.gordy.illya.PhotoViewer;
				PRODUCT_NAME = "$(TARGET_NAME)";
				SWIFT_VERSION = 4.0;
				TARGETED_DEVICE_FAMILY = "1,2";
			};
			name = Debug;
		};
		49E16C4520796FE200E76C41 /* Release */ = {
			isa = XCBuildConfiguration;
			baseConfigurationReference = A898AC2C08A6EE450A6C68B2 /* Pods-PhotoViewer.release.xcconfig */;
			buildSettings = {
				ASSETCATALOG_COMPILER_APPICON_NAME = AppIcon;
				CODE_SIGN_STYLE = Automatic;
				DEVELOPMENT_TEAM = 39A39NNR25;
				INFOPLIST_FILE = PhotoViewer/Other/Info.plist;
				LD_RUNPATH_SEARCH_PATHS = "$(inherited) @executable_path/Frameworks";
				PRODUCT_BUNDLE_IDENTIFIER = com.gordy.illya.PhotoViewer;
				PRODUCT_NAME = "$(TARGET_NAME)";
				SWIFT_VERSION = 4.0;
				TARGETED_DEVICE_FAMILY = "1,2";
			};
			name = Release;
		};
		49E16C4720796FE200E76C41 /* Debug */ = {
			isa = XCBuildConfiguration;
			buildSettings = {
				ALWAYS_EMBED_SWIFT_STANDARD_LIBRARIES = YES;
				BUNDLE_LOADER = "$(TEST_HOST)";
				CODE_SIGN_STYLE = Automatic;
				DEVELOPMENT_TEAM = 39A39NNR25;
				INFOPLIST_FILE = PhotoViewerTests/Info.plist;
				LD_RUNPATH_SEARCH_PATHS = "$(inherited) @executable_path/Frameworks @loader_path/Frameworks";
				PRODUCT_BUNDLE_IDENTIFIER = com.gordy.illya.PhotoViewerTests;
				PRODUCT_NAME = "$(TARGET_NAME)";
				SWIFT_VERSION = 4.0;
				TARGETED_DEVICE_FAMILY = "1,2";
				TEST_HOST = "$(BUILT_PRODUCTS_DIR)/PhotoViewer.app/PhotoViewer";
			};
			name = Debug;
		};
		49E16C4820796FE200E76C41 /* Release */ = {
			isa = XCBuildConfiguration;
			buildSettings = {
				ALWAYS_EMBED_SWIFT_STANDARD_LIBRARIES = YES;
				BUNDLE_LOADER = "$(TEST_HOST)";
				CODE_SIGN_STYLE = Automatic;
				DEVELOPMENT_TEAM = 39A39NNR25;
				INFOPLIST_FILE = PhotoViewerTests/Info.plist;
				LD_RUNPATH_SEARCH_PATHS = "$(inherited) @executable_path/Frameworks @loader_path/Frameworks";
				PRODUCT_BUNDLE_IDENTIFIER = com.gordy.illya.PhotoViewerTests;
				PRODUCT_NAME = "$(TARGET_NAME)";
				SWIFT_VERSION = 4.0;
				TARGETED_DEVICE_FAMILY = "1,2";
				TEST_HOST = "$(BUILT_PRODUCTS_DIR)/PhotoViewer.app/PhotoViewer";
			};
			name = Release;
		};
		49E16C4A20796FE200E76C41 /* Debug */ = {
			isa = XCBuildConfiguration;
			buildSettings = {
				ALWAYS_EMBED_SWIFT_STANDARD_LIBRARIES = YES;
				CODE_SIGN_STYLE = Automatic;
				DEVELOPMENT_TEAM = 39A39NNR25;
				INFOPLIST_FILE = PhotoViewerUITests/Info.plist;
				LD_RUNPATH_SEARCH_PATHS = "$(inherited) @executable_path/Frameworks @loader_path/Frameworks";
				PRODUCT_BUNDLE_IDENTIFIER = com.gordy.illya.PhotoViewerUITests;
				PRODUCT_NAME = "$(TARGET_NAME)";
				SWIFT_VERSION = 4.0;
				TARGETED_DEVICE_FAMILY = "1,2";
				TEST_TARGET_NAME = PhotoViewer;
			};
			name = Debug;
		};
		49E16C4B20796FE200E76C41 /* Release */ = {
			isa = XCBuildConfiguration;
			buildSettings = {
				ALWAYS_EMBED_SWIFT_STANDARD_LIBRARIES = YES;
				CODE_SIGN_STYLE = Automatic;
				DEVELOPMENT_TEAM = 39A39NNR25;
				INFOPLIST_FILE = PhotoViewerUITests/Info.plist;
				LD_RUNPATH_SEARCH_PATHS = "$(inherited) @executable_path/Frameworks @loader_path/Frameworks";
				PRODUCT_BUNDLE_IDENTIFIER = com.gordy.illya.PhotoViewerUITests;
				PRODUCT_NAME = "$(TARGET_NAME)";
				SWIFT_VERSION = 4.0;
				TARGETED_DEVICE_FAMILY = "1,2";
				TEST_TARGET_NAME = PhotoViewer;
			};
			name = Release;
		};
/* End XCBuildConfiguration section */

/* Begin XCConfigurationList section */
		49E16C1620796FE100E76C41 /* Build configuration list for PBXProject "PhotoViewer" */ = {
			isa = XCConfigurationList;
			buildConfigurations = (
				49E16C4120796FE200E76C41 /* Debug */,
				49E16C4220796FE200E76C41 /* Release */,
			);
			defaultConfigurationIsVisible = 0;
			defaultConfigurationName = Release;
		};
		49E16C4320796FE200E76C41 /* Build configuration list for PBXNativeTarget "PhotoViewer" */ = {
			isa = XCConfigurationList;
			buildConfigurations = (
				49E16C4420796FE200E76C41 /* Debug */,
				49E16C4520796FE200E76C41 /* Release */,
			);
			defaultConfigurationIsVisible = 0;
			defaultConfigurationName = Release;
		};
		49E16C4620796FE200E76C41 /* Build configuration list for PBXNativeTarget "PhotoViewerTests" */ = {
			isa = XCConfigurationList;
			buildConfigurations = (
				49E16C4720796FE200E76C41 /* Debug */,
				49E16C4820796FE200E76C41 /* Release */,
			);
			defaultConfigurationIsVisible = 0;
			defaultConfigurationName = Release;
		};
		49E16C4920796FE200E76C41 /* Build configuration list for PBXNativeTarget "PhotoViewerUITests" */ = {
			isa = XCConfigurationList;
			buildConfigurations = (
				49E16C4A20796FE200E76C41 /* Debug */,
				49E16C4B20796FE200E76C41 /* Release */,
			);
			defaultConfigurationIsVisible = 0;
			defaultConfigurationName = Release;
		};
/* End XCConfigurationList section */
	};
	rootObject = 49E16C1320796FE100E76C41 /* Project object */;
}
